
Microsoft Visual Studio Solution File, Format Version 12.00
# Visual Studio Version 17
VisualStudioVersion = 17.5.002.0
MinimumVisualStudioVersion = 10.0.40219.1
Project("{9A19103F-16F7-4668-BE54-9A1E7A4F7556}") = "FinalProject", "FinalProject\FinalProject.csproj", "{53FDD5C8-AA4E-40D7-8AF8-A94C1E394544}"
EndProject
Project("{9A19103F-16F7-4668-BE54-9A1E7A4F7556}") = "Foundation1", "Foundation1\Foundation1.csproj", "{7A14AA99-A218-427D-84AB-99833D2C9AAD}"
EndProject
Project("{9A19103F-16F7-4668-BE54-9A1E7A4F7556}") = "Foundation4", "Foundation4\Foundation4.csproj", "{CECB9122-78D4-4B34-B5C9-ED9FA8084CDF}"
EndProject
Project("{9A19103F-16F7-4668-BE54-9A1E7A4F7556}") = "Foundation3", "Foundation3\Foundation3.csproj", "{9897B203-8833-4D12-A0D3-9BF8CAA0CEBB}"
EndProject
Project("{9A19103F-16F7-4668-BE54-9A1E7A4F7556}") = "Foundation2", "Foundation2\Foundation2.csproj", "{F87FBE4E-B99D-49BB-A040-1BEE2D366BED}"
EndProject
Global
	GlobalSection(SolutionConfigurationPlatforms) = preSolution
		Debug|Any CPU = Debug|Any CPU
		Release|Any CPU = Release|Any CPU
	EndGlobalSection
	GlobalSection(ProjectConfigurationPlatforms) = postSolution
		{53FDD5C8-AA4E-40D7-8AF8-A94C1E394544}.Debug|Any CPU.ActiveCfg = Debug|Any CPU
		{53FDD5C8-AA4E-40D7-8AF8-A94C1E394544}.Debug|Any CPU.Build.0 = Debug|Any CPU
		{53FDD5C8-AA4E-40D7-8AF8-A94C1E394544}.Release|Any CPU.ActiveCfg = Release|Any CPU
		{53FDD5C8-AA4E-40D7-8AF8-A94C1E394544}.Release|Any CPU.Build.0 = Release|Any CPU
		{7A14AA99-A218-427D-84AB-99833D2C9AAD}.Debug|Any CPU.ActiveCfg = Debug|Any CPU
		{7A14AA99-A218-427D-84AB-99833D2C9AAD}.Debug|Any CPU.Build.0 = Debug|Any CPU
		{7A14AA99-A218-427D-84AB-99833D2C9AAD}.Release|Any CPU.ActiveCfg = Release|Any CPU
		{7A14AA99-A218-427D-84AB-99833D2C9AAD}.Release|Any CPU.Build.0 = Release|Any CPU
		{CECB9122-78D4-4B34-B5C9-ED9FA8084CDF}.Debug|Any CPU.ActiveCfg = Debug|Any CPU
		{CECB9122-78D4-4B34-B5C9-ED9FA8084CDF}.Debug|Any CPU.Build.0 = Debug|Any CPU
		{CECB9122-78D4-4B34-B5C9-ED9FA8084CDF}.Release|Any CPU.ActiveCfg = Release|Any CPU
		{CECB9122-78D4-4B34-B5C9-ED9FA8084CDF}.Release|Any CPU.Build.0 = Release|Any CPU
		{9897B203-8833-4D12-A0D3-9BF8CAA0CEBB}.Debug|Any CPU.ActiveCfg = Debug|Any CPU
		{9897B203-8833-4D12-A0D3-9BF8CAA0CEBB}.Debug|Any CPU.Build.0 = Debug|Any CPU
		{9897B203-8833-4D12-A0D3-9BF8CAA0CEBB}.Release|Any CPU.ActiveCfg = Release|Any CPU
		{9897B203-8833-4D12-A0D3-9BF8CAA0CEBB}.Release|Any CPU.Build.0 = Release|Any CPU
		{F87FBE4E-B99D-49BB-A040-1BEE2D366BED}.Debug|Any CPU.ActiveCfg = Debug|Any CPU
		{F87FBE4E-B99D-49BB-A040-1BEE2D366BED}.Debug|Any CPU.Build.0 = Debug|Any CPU
		{F87FBE4E-B99D-49BB-A040-1BEE2D366BED}.Release|Any CPU.ActiveCfg = Release|Any CPU
		{F87FBE4E-B99D-49BB-A040-1BEE2D366BED}.Release|Any CPU.Build.0 = Release|Any CPU
	EndGlobalSection
	GlobalSection(SolutionProperties) = preSolution
		HideSolutionNode = FALSE
	EndGlobalSection
	GlobalSection(ExtensibilityGlobals) = postSolution
		SolutionGuid = {369F8CFE-19BD-4AFB-AE55-EB3E84BB5D62}
	EndGlobalSection
EndGlobal
